// !$*UTF8*$!
{
	archiveVersion = 1;
	classes = {
	};
	objectVersion = 46;
	objects = {

/* Begin PBXBuildFile section */
		7E7ACE471DCBDF070071AA05 /* Cocoa.framework in Frameworks */ = {isa = PBXBuildFile; fileRef = 7E7ACE461DCBDF070071AA05 /* Cocoa.framework */; };
		7E7ACE4D1DCBE0DA0071AA05 /* Plugin.m in Sources */ = {isa = PBXBuildFile; fileRef = 7E7ACE4C1DCBE0DA0071AA05 /* Plugin.m */; settings = {ASSET_TAGS = (); }; };
/* End PBXBuildFile section */

/* Begin PBXFileReference section */
		7E7ACE351DCBDC150071AA05 /* UnityMaximize.UnityMaximize */ = {isa = PBXFileReference; explicitFileType = wrapper.cfbundle; includeInIndex = 0; path = UnityMaximize.UnityMaximize; sourceTree = BUILT_PRODUCTS_DIR; };
		7E7ACE381DCBDC150071AA05 /* Info.plist */ = {isa = PBXFileReference; lastKnownFileType = text.plist.xml; path = Info.plist; sourceTree = "<group>"; };
		7E7ACE461DCBDF070071AA05 /* Cocoa.framework */ = {isa = PBXFileReference; lastKnownFileType = wrapper.framework; name = Cocoa.framework; path = System/Library/Frameworks/Cocoa.framework; sourceTree = SDKROOT; };
		7E7ACE4C1DCBE0DA0071AA05 /* Plugin.m */ = {isa = PBXFileReference; fileEncoding = 4; lastKnownFileType = sourcecode.c.objc; path = Plugin.m; sourceTree = "<group>"; };
		7E7ACE501DCBE39B0071AA05 /* Plugin.h */ = {isa = PBXFileReference; fileEncoding = 4; lastKnownFileType = sourcecode.c.h; path = Plugin.h; sourceTree = "<group>"; };
/* End PBXFileReference section */

/* Begin PBXFrameworksBuildPhase section */
		7E7ACE321DCBDC150071AA05 /* Frameworks */ = {
			isa = PBXFrameworksBuildPhase;
			buildActionMask = 2147483647;
			files = (
				7E7ACE471DCBDF070071AA05 /* Cocoa.framework in Frameworks */,
			);
			runOnlyForDeploymentPostprocessing = 0;
		};
/* End PBXFrameworksBuildPhase section */

/* Begin PBXGroup section */
		7E7ACE2C1DCBDC150071AA05 = {
			isa = PBXGroup;
			children = (
				7E7ACE501DCBE39B0071AA05 /* Plugin.h */,
				7E7ACE4C1DCBE0DA0071AA05 /* Plugin.m */,
				7E7ACE371DCBDC150071AA05 /* UnityMaximize */,
				7E7ACE361DCBDC150071AA05 /* Products */,
				7E7ACE461DCBDF070071AA05 /* Cocoa.framework */,
			);
			sourceTree = "<group>";
		};
		7E7ACE361DCBDC150071AA05 /* Products */ = {
			isa = PBXGroup;
			children = (
				7E7ACE351DCBDC150071AA05 /* UnityMaximize.UnityMaximize */,
			);
			name = Products;
			sourceTree = "<group>";
		};
		7E7ACE371DCBDC150071AA05 /* UnityMaximize */ = {
			isa = PBXGroup;
			children = (
				7E7ACE381DCBDC150071AA05 /* Info.plist */,
			);
			path = UnityMaximize;
			sourceTree = "<group>";
		};
/* End PBXGroup section */

/* Begin PBXNativeTarget section */
		7E7ACE341DCBDC150071AA05 /* UnityMaximize */ = {
			isa = PBXNativeTarget;
			buildConfigurationList = 7E7ACE3B1DCBDC150071AA05 /* Build configuration list for PBXNativeTarget "UnityMaximize" */;
			buildPhases = (
				7E7ACE311DCBDC150071AA05 /* Sources */,
				7E7ACE321DCBDC150071AA05 /* Frameworks */,
				7E7ACE331DCBDC150071AA05 /* Resources */,
			);
			buildRules = (
			);
			dependencies = (
			);
			name = UnityMaximize;
			productName = UnityMaximize;
			productReference = 7E7ACE351DCBDC150071AA05 /* UnityMaximize.UnityMaximize */;
			productType = "com.apple.product-type.bundle";
		};
/* End PBXNativeTarget section */

/* Begin PBXProject section */
		7E7ACE2D1DCBDC150071AA05 /* Project object */ = {
			isa = PBXProject;
			attributes = {
				LastUpgradeCheck = 0700;
				ORGANIZATIONNAME = "Spiky Fish Games, LLC.";
				TargetAttributes = {
					7E7ACE341DCBDC150071AA05 = {
						CreatedOnToolsVersion = 7.0.1;
					};
				};
			};
			buildConfigurationList = 7E7ACE301DCBDC150071AA05 /* Build configuration list for PBXProject "UnityMaximize" */;
			compatibilityVersion = "Xcode 3.2";
			developmentRegion = English;
			hasScannedForEncodings = 0;
			knownRegions = (
				en,
			);
			mainGroup = 7E7ACE2C1DCBDC150071AA05;
			productRefGroup = 7E7ACE361DCBDC150071AA05 /* Products */;
			projectDirPath = "";
			projectRoot = "";
			targets = (
				7E7ACE341DCBDC150071AA05 /* UnityMaximize */,
			);
		};
/* End PBXProject section */

/* Begin PBXResourcesBuildPhase section */
		7E7ACE331DCBDC150071AA05 /* Resources */ = {
			isa = PBXResourcesBuildPhase;
			buildActionMask = 2147483647;
			files = (
			);
			runOnlyForDeploymentPostprocessing = 0;
		};
/* End PBXResourcesBuildPhase section */

/* Begin PBXSourcesBuildPhase section */
		7E7ACE311DCBDC150071AA05 /* Sources */ = {
			isa = PBXSourcesBuildPhase;
			buildActionMask = 2147483647;
			files = (
				7E7ACE4D1DCBE0DA0071AA05 /* Plugin.m in Sources */,
			);
			runOnlyForDeploymentPostprocessing = 0;
		};
/* End PBXSourcesBuildPhase section */

/* Begin XCBuildConfiguration section */
		7E7ACE391DCBDC150071AA05 /* Debug */ = {
			isa = XCBuildConfiguration;
			buildSettings = {
				ALWAYS_SEARCH_USER_PATHS = YES;
				CLANG_CXX_LANGUAGE_STANDARD = "gnu++0x";
				CLANG_CXX_LIBRARY = "libc++";
				CLANG_ENABLE_MODULES = YES;
				CLANG_ENABLE_OBJC_ARC = YES;
				CLANG_WARN_BOOL_CONVERSION = YES;
				CLANG_WARN_CONSTANT_CONVERSION = YES;
				CLANG_WARN_DIRECT_OBJC_ISA_USAGE = YES_ERROR;
				CLANG_WARN_EMPTY_BODY = YES;
				CLANG_WARN_ENUM_CONVERSION = YES;
				CLANG_WARN_INT_CONVERSION = YES;
				CLANG_WARN_OBJC_ROOT_CLASS = YES_ERROR;
				CLANG_WARN_UNREACHABLE_CODE = YES;
				CLANG_WARN__DUPLICATE_METHOD_MATCH = YES;
				COPY_PHASE_STRIP = NO;
				DEBUG_INFORMATION_FORMAT = dwarf;
				ENABLE_STRICT_OBJC_MSGSEND = YES;
				ENABLE_TESTABILITY = YES;
				GCC_C_LANGUAGE_STANDARD = gnu99;
				GCC_DYNAMIC_NO_PIC = NO;
				GCC_NO_COMMON_BLOCKS = YES;
				GCC_OPTIMIZATION_LEVEL = 0;
				GCC_PREPROCESSOR_DEFINITIONS = (
					"DEBUG=1",
					"$(inherited)",
				);
				GCC_WARN_64_TO_32_BIT_CONVERSION = YES;
				GCC_WARN_ABOUT_RETURN_TYPE = YES_ERROR;
				GCC_WARN_UNDECLARED_SELECTOR = YES;
				GCC_WARN_UNINITIALIZED_AUTOS = YES_AGGRESSIVE;
				GCC_WARN_UNUSED_FUNCTION = YES;
				GCC_WARN_UNUSED_VARIABLE = YES;
				MACOSX_DEPLOYMENT_TARGET = 10.10;
				MTL_ENABLE_DEBUG_INFO = YES;
				ONLY_ACTIVE_ARCH = YES;
				SDKROOT = macosx;
			};
			name = Debug;
		};
		7E7ACE3A1DCBDC150071AA05 /* Release */ = {
			isa = XCBuildConfiguration;
			buildSettings = {
				ALWAYS_SEARCH_USER_PATHS = YES;
				CLANG_CXX_LANGUAGE_STANDARD = "gnu++0x";
				CLANG_CXX_LIBRARY = "libc++";
				CLANG_ENABLE_MODULES = YES;
				CLANG_ENABLE_OBJC_ARC = YES;
				CLANG_WARN_BOOL_CONVERSION = YES;
				CLANG_WARN_CONSTANT_CONVERSION = YES;
				CLANG_WARN_DIRECT_OBJC_ISA_USAGE = YES_ERROR;
				CLANG_WARN_EMPTY_BODY = YES;
				CLANG_WARN_ENUM_CONVERSION = YES;
				CLANG_WARN_INT_CONVERSION = YES;
				CLANG_WARN_OBJC_ROOT_CLASS = YES_ERROR;
				CLANG_WARN_UNREACHABLE_CODE = YES;
				CLANG_WARN__DUPLICATE_METHOD_MATCH = YES;
				COPY_PHASE_STRIP = NO;
				DEBUG_INFORMATION_FORMAT = "dwarf-with-dsym";
				ENABLE_NS_ASSERTIONS = NO;
				ENABLE_STRICT_OBJC_MSGSEND = YES;
				GCC_C_LANGUAGE_STANDARD = gnu99;
				GCC_NO_COMMON_BLOCKS = YES;
				GCC_WARN_64_TO_32_BIT_CONVERSION = YES;
				GCC_WARN_ABOUT_RETURN_TYPE = YES_ERROR;
				GCC_WARN_UNDECLARED_SELECTOR = YES;
				GCC_WARN_UNINITIALIZED_AUTOS = YES_AGGRESSIVE;
				GCC_WARN_UNUSED_FUNCTION = YES;
				GCC_WARN_UNUSED_VARIABLE = YES;
				MACOSX_DEPLOYMENT_TARGET = 10.10;
				MTL_ENABLE_DEBUG_INFO = NO;
				ONLY_ACTIVE_ARCH = NO;
				SDKROOT = macosx;
			};
			name = Release;
		};
		7E7ACE3C1DCBDC150071AA05 /* Debug */ = {
			isa = XCBuildConfiguration;
			buildSettings = {
				ALWAYS_SEARCH_USER_PATHS = YES;
				COMBINE_HIDPI_IMAGES = YES;
				INFOPLIST_FILE = UnityMaximize/Info.plist;
				INSTALL_PATH = "$(LOCAL_LIBRARY_DIR)/Bundles";
				PRODUCT_BUNDLE_IDENTIFIER = com.spikyfishgames.UnityMaximize;
				PRODUCT_NAME = "$(TARGET_NAME)";
				SKIP_INSTALL = NO;
				WRAPPER_EXTENSION = bundle;
			};
			name = Debug;
		};
		7E7ACE3D1DCBDC150071AA05 /* Release */ = {
			isa = XCBuildConfiguration;
			buildSettings = {
				ALWAYS_SEARCH_USER_PATHS = YES;
				COMBINE_HIDPI_IMAGES = YES;
				INFOPLIST_FILE = UnityMaximize/Info.plist;
				INSTALL_PATH = "$(LOCAL_LIBRARY_DIR)";
				PRODUCT_BUNDLE_IDENTIFIER = com.spikyfishgames.UnityMaximize;
				PRODUCT_NAME = "$(TARGET_NAME)";
				SKIP_INSTALL = NO;
				WRAPPER_EXTENSION = bundle;
			};
			name = Release;
		};
/* End XCBuildConfiguration section */

/* Begin XCConfigurationList section */
		7E7ACE301DCBDC150071AA05 /* Build configuration list for PBXProject "UnityMaximize" */ = {
			isa = XCConfigurationList;
			buildConfigurations = (
				7E7ACE391DCBDC150071AA05 /* Debug */,
				7E7ACE3A1DCBDC150071AA05 /* Release */,
			);
			defaultConfigurationIsVisible = 0;
			defaultConfigurationName = Release;
		};
		7E7ACE3B1DCBDC150071AA05 /* Build configuration list for PBXNativeTarget "UnityMaximize" */ = {
			isa = XCConfigurationList;
			buildConfigurations = (
				7E7ACE3C1DCBDC150071AA05 /* Debug */,
				7E7ACE3D1DCBDC150071AA05 /* Release */,
			);
			defaultConfigurationIsVisible = 0;
		};
/* End XCConfigurationList section */
	};
	rootObject = 7E7ACE2D1DCBDC150071AA05 /* Project object */;
}
